
Microsoft Visual Studio Solution File, Format Version 12.00
# Visual Studio 15
Project("{FAE04EC0-301F-11D3-BF4B-00C04F79EFBC}") = "Assembly-CSharp", "Assembly-CSharp.csproj", "{F4D215B7-347E-D342-E878-33350EB53903}"
EndProject
Project("{FAE04EC0-301F-11D3-BF4B-00C04F79EFBC}") = "Assembly-CSharp-Editor", "Assembly-CSharp-Editor.csproj", "{95CB0B09-2C4D-AD16-12F0-545AA71CB43D}"
EndProject
Global
	GlobalSection(SolutionConfigurationPlatforms) = preSolution
		Debug|Any CPU = Debug|Any CPU
		Release|Any CPU = Release|Any CPU
	EndGlobalSection
	GlobalSection(ProjectConfigurationPlatforms) = postSolution
		{F4D215B7-347E-D342-E878-33350EB53903}.Debug|Any CPU.ActiveCfg = Debug|Any CPU
		{F4D215B7-347E-D342-E878-33350EB53903}.Debug|Any CPU.Build.0 = Debug|Any CPU
		{F4D215B7-347E-D342-E878-33350EB53903}.Release|Any CPU.ActiveCfg = Release|Any CPU
		{F4D215B7-347E-D342-E878-33350EB53903}.Release|Any CPU.Build.0 = Release|Any CPU
		{95CB0B09-2C4D-AD16-12F0-545AA71CB43D}.Debug|Any CPU.ActiveCfg = Debug|Any CPU
		{95CB0B09-2C4D-AD16-12F0-545AA71CB43D}.Debug|Any CPU.Build.0 = Debug|Any CPU
		{95CB0B09-2C4D-AD16-12F0-545AA71CB43D}.Release|Any CPU.ActiveCfg = Release|Any CPU
		{95CB0B09-2C4D-AD16-12F0-545AA71CB43D}.Release|Any CPU.Build.0 = Release|Any CPU
	EndGlobalSection
	GlobalSection(SolutionProperties) = preSolution
		HideSolutionNode = FALSE
	EndGlobalSection
EndGlobal
